
Microsoft Visual Studio Solution File, Format Version 12.00
# Visual Studio 15
VisualStudioVersion = 15.0.27703.2035
MinimumVisualStudioVersion = 10.0.40219.1
Project("{FAE04EC0-301F-11D3-BF4B-00C04F79EFBC}") = "petShikongParser", "petShikongParser\petShikongParser.csproj", "{15411D95-FDDE-434E-AF10-BEF89127403D}"
EndProject
Global
	GlobalSection(SolutionConfigurationPlatforms) = preSolution
		Debug|Any CPU = Debug|Any CPU
		Release|Any CPU = Release|Any CPU
	EndGlobalSection
	GlobalSection(ProjectConfigurationPlatforms) = postSolution
		{15411D95-FDDE-434E-AF10-BEF89127403D}.Debug|Any CPU.ActiveCfg = Debug|Any CPU
		{15411D95-FDDE-434E-AF10-BEF89127403D}.Debug|Any CPU.Build.0 = Debug|Any CPU
		{15411D95-FDDE-434E-AF10-BEF89127403D}.Release|Any CPU.ActiveCfg = Release|Any CPU
		{15411D95-FDDE-434E-AF10-BEF89127403D}.Release|Any CPU.Build.0 = Release|Any CPU
	EndGlobalSection
	GlobalSection(SolutionProperties) = preSolution
		HideSolutionNode = FALSE
	EndGlobalSection
	GlobalSection(ExtensibilityGlobals) = postSolution
		SolutionGuid = {D7C5D28A-F460-4519-B619-58E1AAC85E78}
	EndGlobalSection
EndGlobal
